
Microsoft Visual Studio Solution File, Format Version 12.00
# Visual Studio Version 16
VisualStudioVersion = 16.0.30204.135
MinimumVisualStudioVersion = 10.0.40219.1
Project("{2150E333-8FDC-42A3-9474-1A3956D46DE8}") = "Microservices", "Microservices", "{B3A58F5D-628A-450A-B1EA-1D8DC18507E6}"
EndProject
Project("{2150E333-8FDC-42A3-9474-1A3956D46DE8}") = "Domain", "Domain", "{2C392F06-E5DC-4904-BE74-6B6BFAC4DA94}"
EndProject
Project("{2150E333-8FDC-42A3-9474-1A3956D46DE8}") = "Infra.Bus", "Infra.Bus", "{DF27324E-5F8F-462D-BDC5-962DD24C5A35}"
EndProject
Project("{2150E333-8FDC-42A3-9474-1A3956D46DE8}") = "Infra.IoC", "Infra.IoC", "{8034DB3D-106B-4070-B553-6F6CA4864718}"
EndProject
Project("{2150E333-8FDC-42A3-9474-1A3956D46DE8}") = "Presentation", "Presentation", "{B654AA7D-F5FC-4B73-AFA4-A1D04122872C}"
EndProject
Project("{9A19103F-16F7-4668-BE54-9A1E7A4F7556}") = "MicroRabbit.Domain.Core", "MicroRabbit.Domain.Core\MicroRabbit.Domain.Core.csproj", "{78EFE6E4-ABF1-4A58-B163-F05E7017D7AA}"
EndProject
Project("{9A19103F-16F7-4668-BE54-9A1E7A4F7556}") = "MicroRabbit.Infra.Bus", "MicroRabbit.Infra.Bus\MicroRabbit.Infra.Bus.csproj", "{0C338976-24AA-4B87-8AFC-2608112F1CCA}"
EndProject
Project("{FAE04EC0-301F-11D3-BF4B-00C04F79EFBC}") = "MicroRabbit.Infra.IoC", "MicroRabbit.Infra.IoC\MicroRabbit.Infra.IoC.csproj", "{89BC3664-7850-4AC7-9308-E6D30895A0AB}"
EndProject
Project("{2150E333-8FDC-42A3-9474-1A3956D46DE8}") = "Banking", "Banking", "{747E2C67-A05A-4AD4-8579-821C24E13BF0}"
EndProject
Project("{2150E333-8FDC-42A3-9474-1A3956D46DE8}") = "Api", "Api", "{620CDC9E-A58A-4C5A-B12D-BB30ECCF9B5F}"
EndProject
Project("{2150E333-8FDC-42A3-9474-1A3956D46DE8}") = "Domain", "Domain", "{61888AB8-FD95-4225-B46C-0E27593A0E50}"
EndProject
Project("{2150E333-8FDC-42A3-9474-1A3956D46DE8}") = "Application", "Application", "{779A65D6-202B-4E0C-9280-71203F5616E0}"
EndProject
Project("{2150E333-8FDC-42A3-9474-1A3956D46DE8}") = "Data", "Data", "{D236BD66-F7B5-49E9-81DA-DA0BA76F7327}"
EndProject
Project("{FAE04EC0-301F-11D3-BF4B-00C04F79EFBC}") = "MicroRabbit.Banking.Api", "MicroRabbit.Banking.Api\MicroRabbit.Banking.Api.csproj", "{5A9688D8-A60F-4711-AFF5-C9D75652A67E}"
EndProject
Project("{FAE04EC0-301F-11D3-BF4B-00C04F79EFBC}") = "MicroRabbit.Banking.Application", "MicroRabbit.Banking.Application\MicroRabbit.Banking.Application.csproj", "{B39E044B-A7A1-46A4-BEC6-10A50E9FB050}"
EndProject
Project("{FAE04EC0-301F-11D3-BF4B-00C04F79EFBC}") = "MicroRabbit.Banking.Data", "MicroRabbit.Banking.Data\MicroRabbit.Banking.Data.csproj", "{835CDC40-AE93-489D-B4A7-9B3DABCEFB0D}"
EndProject
Project("{FAE04EC0-301F-11D3-BF4B-00C04F79EFBC}") = "MicroRabbit.Banking.Domain", "MicroRabbit.Banking.Domain\MicroRabbit.Banking.Domain.csproj", "{598DF100-FA0C-4D21-AD0A-8F384BCF2F10}"
EndProject
Global
	GlobalSection(SolutionConfigurationPlatforms) = preSolution
		Debug|Any CPU = Debug|Any CPU
		Release|Any CPU = Release|Any CPU
	EndGlobalSection
	GlobalSection(ProjectConfigurationPlatforms) = postSolution
		{78EFE6E4-ABF1-4A58-B163-F05E7017D7AA}.Debug|Any CPU.ActiveCfg = Debug|Any CPU
		{78EFE6E4-ABF1-4A58-B163-F05E7017D7AA}.Debug|Any CPU.Build.0 = Debug|Any CPU
		{78EFE6E4-ABF1-4A58-B163-F05E7017D7AA}.Release|Any CPU.ActiveCfg = Release|Any CPU
		{78EFE6E4-ABF1-4A58-B163-F05E7017D7AA}.Release|Any CPU.Build.0 = Release|Any CPU
		{0C338976-24AA-4B87-8AFC-2608112F1CCA}.Debug|Any CPU.ActiveCfg = Debug|Any CPU
		{0C338976-24AA-4B87-8AFC-2608112F1CCA}.Debug|Any CPU.Build.0 = Debug|Any CPU
		{0C338976-24AA-4B87-8AFC-2608112F1CCA}.Release|Any CPU.ActiveCfg = Release|Any CPU
		{0C338976-24AA-4B87-8AFC-2608112F1CCA}.Release|Any CPU.Build.0 = Release|Any CPU
		{89BC3664-7850-4AC7-9308-E6D30895A0AB}.Debug|Any CPU.ActiveCfg = Debug|Any CPU
		{89BC3664-7850-4AC7-9308-E6D30895A0AB}.Debug|Any CPU.Build.0 = Debug|Any CPU
		{89BC3664-7850-4AC7-9308-E6D30895A0AB}.Release|Any CPU.ActiveCfg = Release|Any CPU
		{89BC3664-7850-4AC7-9308-E6D30895A0AB}.Release|Any CPU.Build.0 = Release|Any CPU
		{5A9688D8-A60F-4711-AFF5-C9D75652A67E}.Debug|Any CPU.ActiveCfg = Debug|Any CPU
		{5A9688D8-A60F-4711-AFF5-C9D75652A67E}.Debug|Any CPU.Build.0 = Debug|Any CPU
		{5A9688D8-A60F-4711-AFF5-C9D75652A67E}.Release|Any CPU.ActiveCfg = Release|Any CPU
		{5A9688D8-A60F-4711-AFF5-C9D75652A67E}.Release|Any CPU.Build.0 = Release|Any CPU
		{B39E044B-A7A1-46A4-BEC6-10A50E9FB050}.Debug|Any CPU.ActiveCfg = Debug|Any CPU
		{B39E044B-A7A1-46A4-BEC6-10A50E9FB050}.Debug|Any CPU.Build.0 = Debug|Any CPU
		{B39E044B-A7A1-46A4-BEC6-10A50E9FB050}.Release|Any CPU.ActiveCfg = Release|Any CPU
		{B39E044B-A7A1-46A4-BEC6-10A50E9FB050}.Release|Any CPU.Build.0 = Release|Any CPU
		{835CDC40-AE93-489D-B4A7-9B3DABCEFB0D}.Debug|Any CPU.ActiveCfg = Debug|Any CPU
		{835CDC40-AE93-489D-B4A7-9B3DABCEFB0D}.Debug|Any CPU.Build.0 = Debug|Any CPU
		{835CDC40-AE93-489D-B4A7-9B3DABCEFB0D}.Release|Any CPU.ActiveCfg = Release|Any CPU
		{835CDC40-AE93-489D-B4A7-9B3DABCEFB0D}.Release|Any CPU.Build.0 = Release|Any CPU
		{598DF100-FA0C-4D21-AD0A-8F384BCF2F10}.Debug|Any CPU.ActiveCfg = Debug|Any CPU
		{598DF100-FA0C-4D21-AD0A-8F384BCF2F10}.Debug|Any CPU.Build.0 = Debug|Any CPU
		{598DF100-FA0C-4D21-AD0A-8F384BCF2F10}.Release|Any CPU.ActiveCfg = Release|Any CPU
		{598DF100-FA0C-4D21-AD0A-8F384BCF2F10}.Release|Any CPU.Build.0 = Release|Any CPU
	EndGlobalSection
	GlobalSection(SolutionProperties) = preSolution
		HideSolutionNode = FALSE
	EndGlobalSection
	GlobalSection(NestedProjects) = preSolution
		{78EFE6E4-ABF1-4A58-B163-F05E7017D7AA} = {2C392F06-E5DC-4904-BE74-6B6BFAC4DA94}
		{0C338976-24AA-4B87-8AFC-2608112F1CCA} = {DF27324E-5F8F-462D-BDC5-962DD24C5A35}
		{89BC3664-7850-4AC7-9308-E6D30895A0AB} = {8034DB3D-106B-4070-B553-6F6CA4864718}
		{747E2C67-A05A-4AD4-8579-821C24E13BF0} = {B3A58F5D-628A-450A-B1EA-1D8DC18507E6}
		{620CDC9E-A58A-4C5A-B12D-BB30ECCF9B5F} = {747E2C67-A05A-4AD4-8579-821C24E13BF0}
		{61888AB8-FD95-4225-B46C-0E27593A0E50} = {747E2C67-A05A-4AD4-8579-821C24E13BF0}
		{779A65D6-202B-4E0C-9280-71203F5616E0} = {747E2C67-A05A-4AD4-8579-821C24E13BF0}
		{D236BD66-F7B5-49E9-81DA-DA0BA76F7327} = {747E2C67-A05A-4AD4-8579-821C24E13BF0}
		{5A9688D8-A60F-4711-AFF5-C9D75652A67E} = {620CDC9E-A58A-4C5A-B12D-BB30ECCF9B5F}
		{B39E044B-A7A1-46A4-BEC6-10A50E9FB050} = {779A65D6-202B-4E0C-9280-71203F5616E0}
		{835CDC40-AE93-489D-B4A7-9B3DABCEFB0D} = {D236BD66-F7B5-49E9-81DA-DA0BA76F7327}
		{598DF100-FA0C-4D21-AD0A-8F384BCF2F10} = {61888AB8-FD95-4225-B46C-0E27593A0E50}
	EndGlobalSection
	GlobalSection(ExtensibilityGlobals) = postSolution
		SolutionGuid = {330AFB14-58E9-4685-A469-976DBA114230}
	EndGlobalSection
EndGlobal
